
Microsoft Visual Studio Solution File, Format Version 12.00
# Visual Studio Version 17
VisualStudioVersion = 17.0.32112.339
MinimumVisualStudioVersion = 10.0.40219.1
Project("{FAE04EC0-301F-11D3-BF4B-00C04F79EFBC}") = "Power", "Power\Power.csproj", "{75F58C2B-425A-4F27-9C40-5B093E14F085}"
EndProject
Global
	GlobalSection(SolutionConfigurationPlatforms) = preSolution
		Debug|Any CPU = Debug|Any CPU
		Release|Any CPU = Release|Any CPU
	EndGlobalSection
	GlobalSection(ProjectConfigurationPlatforms) = postSolution
		{75F58C2B-425A-4F27-9C40-5B093E14F085}.Debug|Any CPU.ActiveCfg = Debug|Any CPU
		{75F58C2B-425A-4F27-9C40-5B093E14F085}.Debug|Any CPU.Build.0 = Debug|Any CPU
		{75F58C2B-425A-4F27-9C40-5B093E14F085}.Release|Any CPU.ActiveCfg = Release|Any CPU
		{75F58C2B-425A-4F27-9C40-5B093E14F085}.Release|Any CPU.Build.0 = Release|Any CPU
	EndGlobalSection
	GlobalSection(SolutionProperties) = preSolution
		HideSolutionNode = FALSE
	EndGlobalSection
	GlobalSection(ExtensibilityGlobals) = postSolution
		SolutionGuid = {B1D9F5C1-3D56-46A0-B53D-0265A54E2B37}
	EndGlobalSection
EndGlobal
