
Microsoft Visual Studio Solution File, Format Version 12.00
# Visual Studio Version 17
VisualStudioVersion = 17.0.32112.339
MinimumVisualStudioVersion = 10.0.40219.1
Project("{FAE04EC0-301F-11D3-BF4B-00C04F79EFBC}") = "ClassLibraryPractice", "ClassLibraryPractice\ClassLibraryPractice.csproj", "{30C9B750-0CDF-41CE-9137-EA2D6221D694}"
EndProject
Global
	GlobalSection(SolutionConfigurationPlatforms) = preSolution
		Debug|Any CPU = Debug|Any CPU
		Release|Any CPU = Release|Any CPU
	EndGlobalSection
	GlobalSection(ProjectConfigurationPlatforms) = postSolution
		{30C9B750-0CDF-41CE-9137-EA2D6221D694}.Debug|Any CPU.ActiveCfg = Debug|Any CPU
		{30C9B750-0CDF-41CE-9137-EA2D6221D694}.Debug|Any CPU.Build.0 = Debug|Any CPU
		{30C9B750-0CDF-41CE-9137-EA2D6221D694}.Release|Any CPU.ActiveCfg = Release|Any CPU
		{30C9B750-0CDF-41CE-9137-EA2D6221D694}.Release|Any CPU.Build.0 = Release|Any CPU
	EndGlobalSection
	GlobalSection(SolutionProperties) = preSolution
		HideSolutionNode = FALSE
	EndGlobalSection
	GlobalSection(ExtensibilityGlobals) = postSolution
		SolutionGuid = {CF331B5E-7F49-48AF-BFF0-F6FF4DF8AD54}
	EndGlobalSection
EndGlobal
