
Microsoft Visual Studio Solution File, Format Version 12.00
# Visual Studio Version 17
VisualStudioVersion = 17.0.32112.339
MinimumVisualStudioVersion = 10.0.40219.1
Project("{FAE04EC0-301F-11D3-BF4B-00C04F79EFBC}") = "FactorialRecresive", "FactorialRecresive\FactorialRecresive.csproj", "{780AA47F-36A9-46D1-BD0A-EC51F933B69E}"
EndProject
Global
	GlobalSection(SolutionConfigurationPlatforms) = preSolution
		Debug|Any CPU = Debug|Any CPU
		Release|Any CPU = Release|Any CPU
	EndGlobalSection
	GlobalSection(ProjectConfigurationPlatforms) = postSolution
		{780AA47F-36A9-46D1-BD0A-EC51F933B69E}.Debug|Any CPU.ActiveCfg = Debug|Any CPU
		{780AA47F-36A9-46D1-BD0A-EC51F933B69E}.Debug|Any CPU.Build.0 = Debug|Any CPU
		{780AA47F-36A9-46D1-BD0A-EC51F933B69E}.Release|Any CPU.ActiveCfg = Release|Any CPU
		{780AA47F-36A9-46D1-BD0A-EC51F933B69E}.Release|Any CPU.Build.0 = Release|Any CPU
	EndGlobalSection
	GlobalSection(SolutionProperties) = preSolution
		HideSolutionNode = FALSE
	EndGlobalSection
	GlobalSection(ExtensibilityGlobals) = postSolution
		SolutionGuid = {C16799E7-ED54-419A-8BAB-7BBA54088804}
	EndGlobalSection
EndGlobal
