
Microsoft Visual Studio Solution File, Format Version 12.00
# Visual Studio Version 17
VisualStudioVersion = 17.0.32112.339
MinimumVisualStudioVersion = 10.0.40219.1
Project("{FAE04EC0-301F-11D3-BF4B-00C04F79EFBC}") = "CircleAreaCalculatorFunction", "CircleAreaCalculatorFunction\CircleAreaCalculatorFunction.csproj", "{9BF2C384-D6F8-48B8-BB79-DA90A7CFAE42}"
EndProject
Global
	GlobalSection(SolutionConfigurationPlatforms) = preSolution
		Debug|Any CPU = Debug|Any CPU
		Release|Any CPU = Release|Any CPU
	EndGlobalSection
	GlobalSection(ProjectConfigurationPlatforms) = postSolution
		{9BF2C384-D6F8-48B8-BB79-DA90A7CFAE42}.Debug|Any CPU.ActiveCfg = Debug|Any CPU
		{9BF2C384-D6F8-48B8-BB79-DA90A7CFAE42}.Debug|Any CPU.Build.0 = Debug|Any CPU
		{9BF2C384-D6F8-48B8-BB79-DA90A7CFAE42}.Release|Any CPU.ActiveCfg = Release|Any CPU
		{9BF2C384-D6F8-48B8-BB79-DA90A7CFAE42}.Release|Any CPU.Build.0 = Release|Any CPU
	EndGlobalSection
	GlobalSection(SolutionProperties) = preSolution
		HideSolutionNode = FALSE
	EndGlobalSection
	GlobalSection(ExtensibilityGlobals) = postSolution
		SolutionGuid = {095CB5AE-792C-4457-8398-F99A6BE6045F}
	EndGlobalSection
EndGlobal
