
Microsoft Visual Studio Solution File, Format Version 12.00
# Visual Studio Version 17
VisualStudioVersion = 17.0.32112.339
MinimumVisualStudioVersion = 10.0.40219.1
Project("{FAE04EC0-301F-11D3-BF4B-00C04F79EFBC}") = "TriangleClass", "rectangleClass\TriangleClass.csproj", "{B661A4C8-2C9E-4E77-86F9-D57FE5F970F3}"
EndProject
Global
	GlobalSection(SolutionConfigurationPlatforms) = preSolution
		Debug|Any CPU = Debug|Any CPU
		Release|Any CPU = Release|Any CPU
	EndGlobalSection
	GlobalSection(ProjectConfigurationPlatforms) = postSolution
		{B661A4C8-2C9E-4E77-86F9-D57FE5F970F3}.Debug|Any CPU.ActiveCfg = Debug|Any CPU
		{B661A4C8-2C9E-4E77-86F9-D57FE5F970F3}.Debug|Any CPU.Build.0 = Debug|Any CPU
		{B661A4C8-2C9E-4E77-86F9-D57FE5F970F3}.Release|Any CPU.ActiveCfg = Release|Any CPU
		{B661A4C8-2C9E-4E77-86F9-D57FE5F970F3}.Release|Any CPU.Build.0 = Release|Any CPU
	EndGlobalSection
	GlobalSection(SolutionProperties) = preSolution
		HideSolutionNode = FALSE
	EndGlobalSection
	GlobalSection(ExtensibilityGlobals) = postSolution
		SolutionGuid = {844A03BB-01C5-40D4-B19A-83BFFA93C89E}
	EndGlobalSection
EndGlobal
