
Microsoft Visual Studio Solution File, Format Version 12.00
# Visual Studio Version 17
VisualStudioVersion = 17.0.32112.339
MinimumVisualStudioVersion = 10.0.40219.1
Project("{FAE04EC0-301F-11D3-BF4B-00C04F79EFBC}") = "loopAndCondition", "loopAndCondition\loopAndCondition.csproj", "{6EBF8F8D-B2F4-4DE8-AAEB-D5116E139EDE}"
EndProject
Global
	GlobalSection(SolutionConfigurationPlatforms) = preSolution
		Debug|Any CPU = Debug|Any CPU
		Release|Any CPU = Release|Any CPU
	EndGlobalSection
	GlobalSection(ProjectConfigurationPlatforms) = postSolution
		{6EBF8F8D-B2F4-4DE8-AAEB-D5116E139EDE}.Debug|Any CPU.ActiveCfg = Debug|Any CPU
		{6EBF8F8D-B2F4-4DE8-AAEB-D5116E139EDE}.Debug|Any CPU.Build.0 = Debug|Any CPU
		{6EBF8F8D-B2F4-4DE8-AAEB-D5116E139EDE}.Release|Any CPU.ActiveCfg = Release|Any CPU
		{6EBF8F8D-B2F4-4DE8-AAEB-D5116E139EDE}.Release|Any CPU.Build.0 = Release|Any CPU
	EndGlobalSection
	GlobalSection(SolutionProperties) = preSolution
		HideSolutionNode = FALSE
	EndGlobalSection
	GlobalSection(ExtensibilityGlobals) = postSolution
		SolutionGuid = {CFE0A312-5F43-4D7A-8159-508CCB2DEA46}
	EndGlobalSection
EndGlobal
